
Microsoft Visual Studio Solution File, Format Version 9.00
# Visual Studio 2005
Project("{8BC9CEB8-8B4A-11D0-8D11-00A0C91BC942}") = "db_small_static", "db_small_static.vcproj", "{6A2849DA-8F7C-4B50-BDAE-AE7752EF8213}"
EndProject
Project("{8BC9CEB8-8B4A-11D0-8D11-00A0C91BC942}") = "db_static", "db_static.vcproj", "{4AB4958F-8DD0-49B5-8C02-014B5637C59A}"
EndProject
Project("{8BC9CEB8-8B4A-11D0-8D11-00A0C91BC942}") = "db_sql", "db_sql.vcproj", "{ACE41B30-04BB-11DF-8A39-0800200C9A66}"
	ProjectSection(ProjectDependencies) = postProject
		{4AB4958F-8DD0-49B5-8C02-014B5637C59A} = {4AB4958F-8DD0-49B5-8C02-014B5637C59A}
	EndProjectSection
EndProject
Project("{8BC9CEB8-8B4A-11D0-8D11-00A0C91BC942}") = "wce_sql", "wce_sql.vcproj", "{75DF98AA-25DF-4183-A022-024CF918480D}"
	ProjectSection(ProjectDependencies) = postProject
		{ACE41B30-04BB-11DF-8A39-0800200C9A66} = {ACE41B30-04BB-11DF-8A39-0800200C9A66}
	EndProjectSection
EndProject
Project("{8BC9CEB8-8B4A-11D0-8D11-00A0C91BC942}") = "wce_tpcb", "wce_tpcb.vcproj", "{F2CE670A-ABAE-414A-9A17-8079AB58613F}"
	ProjectSection(ProjectDependencies) = postProject
		{4AB4958F-8DD0-49B5-8C02-014B5637C59A} = {4AB4958F-8DD0-49B5-8C02-014B5637C59A}
	EndProjectSection
EndProject
Project("{8BC9CEB8-8B4A-11D0-8D11-00A0C91BC942}") = "db_sql_static", "db_sql_static.vcproj", "{BBFD891E-5E69-11DF-B248-1B8CDFD72085}"
EndProject
Global
	GlobalSection(SolutionConfigurationPlatforms) = preSolution
		Debug|Pocket PC 2003 (ARMV4) = Debug|Pocket PC 2003 (ARMV4)
		Debug|Smartphone 2003 (ARMV4) = Debug|Smartphone 2003 (ARMV4)
		Debug|Windows Mobile 6.5.3 Professional DTK (ARMV4I) = Debug|Windows Mobile 6.5.3 Professional DTK (ARMV4I)
		Release|Pocket PC 2003 (ARMV4) = Release|Pocket PC 2003 (ARMV4)
		Release|Smartphone 2003 (ARMV4) = Release|Smartphone 2003 (ARMV4)
		Release|Windows Mobile 6.5.3 Professional DTK (ARMV4I) = Release|Windows Mobile 6.5.3 Professional DTK (ARMV4I)
	EndGlobalSection
	GlobalSection(ProjectConfigurationPlatforms) = postSolution
		{6A2849DA-8F7C-4B50-BDAE-AE7752EF8213}.Debug|Pocket PC 2003 (ARMV4).ActiveCfg = Debug|Pocket PC 2003 (ARMV4)
		{6A2849DA-8F7C-4B50-BDAE-AE7752EF8213}.Debug|Pocket PC 2003 (ARMV4).Build.0 = Debug|Pocket PC 2003 (ARMV4)
		{6A2849DA-8F7C-4B50-BDAE-AE7752EF8213}.Debug|Pocket PC 2003 (ARMV4).Deploy.0 = Debug|Pocket PC 2003 (ARMV4)
		{6A2849DA-8F7C-4B50-BDAE-AE7752EF8213}.Debug|Smartphone 2003 (ARMV4).ActiveCfg = Debug|Smartphone 2003 (ARMV4)
		{6A2849DA-8F7C-4B50-BDAE-AE7752EF8213}.Debug|Smartphone 2003 (ARMV4).Build.0 = Debug|Smartphone 2003 (ARMV4)
		{6A2849DA-8F7C-4B50-BDAE-AE7752EF8213}.Debug|Smartphone 2003 (ARMV4).Deploy.0 = Debug|Smartphone 2003 (ARMV4)
		{6A2849DA-8F7C-4B50-BDAE-AE7752EF8213}.Debug|Windows Mobile 6.5.3 Professional DTK (ARMV4I).ActiveCfg = Debug|Windows Mobile 6.5.3 Professional DTK (ARMV4I)
		{6A2849DA-8F7C-4B50-BDAE-AE7752EF8213}.Debug|Windows Mobile 6.5.3 Professional DTK (ARMV4I).Build.0 = Debug|Windows Mobile 6.5.3 Professional DTK (ARMV4I)
		{6A2849DA-8F7C-4B50-BDAE-AE7752EF8213}.Debug|Windows Mobile 6.5.3 Professional DTK (ARMV4I).Deploy.0 = Debug|Windows Mobile 6.5.3 Professional DTK (ARMV4I)
		{6A2849DA-8F7C-4B50-BDAE-AE7752EF8213}.Release|Pocket PC 2003 (ARMV4).ActiveCfg = Release|Pocket PC 2003 (ARMV4)
		{6A2849DA-8F7C-4B50-BDAE-AE7752EF8213}.Release|Pocket PC 2003 (ARMV4).Build.0 = Release|Pocket PC 2003 (ARMV4)
		{6A2849DA-8F7C-4B50-BDAE-AE7752EF8213}.Release|Pocket PC 2003 (ARMV4).Deploy.0 = Release|Pocket PC 2003 (ARMV4)
		{6A2849DA-8F7C-4B50-BDAE-AE7752EF8213}.Release|Smartphone 2003 (ARMV4).ActiveCfg = Release|Smartphone 2003 (ARMV4)
		{6A2849DA-8F7C-4B50-BDAE-AE7752EF8213}.Release|Smartphone 2003 (ARMV4).Build.0 = Release|Smartphone 2003 (ARMV4)
		{6A2849DA-8F7C-4B50-BDAE-AE7752EF8213}.Release|Smartphone 2003 (ARMV4).Deploy.0 = Release|Smartphone 2003 (ARMV4)
		{6A2849DA-8F7C-4B50-BDAE-AE7752EF8213}.Release|Windows Mobile 6.5.3 Professional DTK (ARMV4I).ActiveCfg = Release|Windows Mobile 6.5.3 Professional DTK (ARMV4I)
		{6A2849DA-8F7C-4B50-BDAE-AE7752EF8213}.Release|Windows Mobile 6.5.3 Professional DTK (ARMV4I).Build.0 = Release|Windows Mobile 6.5.3 Professional DTK (ARMV4I)
		{6A2849DA-8F7C-4B50-BDAE-AE7752EF8213}.Release|Windows Mobile 6.5.3 Professional DTK (ARMV4I).Deploy.0 = Release|Windows Mobile 6.5.3 Professional DTK (ARMV4I)
		{4AB4958F-8DD0-49B5-8C02-014B5637C59A}.Debug|Pocket PC 2003 (ARMV4).ActiveCfg = Debug|Pocket PC 2003 (ARMV4)
		{4AB4958F-8DD0-49B5-8C02-014B5637C59A}.Debug|Pocket PC 2003 (ARMV4).Build.0 = Debug|Pocket PC 2003 (ARMV4)
		{4AB4958F-8DD0-49B5-8C02-014B5637C59A}.Debug|Pocket PC 2003 (ARMV4).Deploy.0 = Debug|Pocket PC 2003 (ARMV4)
		{4AB4958F-8DD0-49B5-8C02-014B5637C59A}.Debug|Smartphone 2003 (ARMV4).ActiveCfg = Debug|Smartphone 2003 (ARMV4)
		{4AB4958F-8DD0-49B5-8C02-014B5637C59A}.Debug|Smartphone 2003 (ARMV4).Build.0 = Debug|Smartphone 2003 (ARMV4)
		{4AB4958F-8DD0-49B5-8C02-014B5637C59A}.Debug|Smartphone 2003 (ARMV4).Deploy.0 = Debug|Smartphone 2003 (ARMV4)
		{4AB4958F-8DD0-49B5-8C02-014B5637C59A}.Debug|Windows Mobile 6.5.3 Professional DTK (ARMV4I).ActiveCfg = Debug|Windows Mobile 6.5.3 Professional DTK (ARMV4I)
		{4AB4958F-8DD0-49B5-8C02-014B5637C59A}.Debug|Windows Mobile 6.5.3 Professional DTK (ARMV4I).Build.0 = Debug|Windows Mobile 6.5.3 Professional DTK (ARMV4I)
		{4AB4958F-8DD0-49B5-8C02-014B5637C59A}.Debug|Windows Mobile 6.5.3 Professional DTK (ARMV4I).Deploy.0 = Debug|Windows Mobile 6.5.3 Professional DTK (ARMV4I)
		{4AB4958F-8DD0-49B5-8C02-014B5637C59A}.Release|Pocket PC 2003 (ARMV4).ActiveCfg = Release|Pocket PC 2003 (ARMV4)
		{4AB4958F-8DD0-49B5-8C02-014B5637C59A}.Release|Pocket PC 2003 (ARMV4).Build.0 = Release|Pocket PC 2003 (ARMV4)
		{4AB4958F-8DD0-49B5-8C02-014B5637C59A}.Release|Pocket PC 2003 (ARMV4).Deploy.0 = Release|Pocket PC 2003 (ARMV4)
		{4AB4958F-8DD0-49B5-8C02-014B5637C59A}.Release|Smartphone 2003 (ARMV4).ActiveCfg = Release|Smartphone 2003 (ARMV4)
		{4AB4958F-8DD0-49B5-8C02-014B5637C59A}.Release|Smartphone 2003 (ARMV4).Build.0 = Release|Smartphone 2003 (ARMV4)
		{4AB4958F-8DD0-49B5-8C02-014B5637C59A}.Release|Smartphone 2003 (ARMV4).Deploy.0 = Release|Smartphone 2003 (ARMV4)
		{4AB4958F-8DD0-49B5-8C02-014B5637C59A}.Release|Windows Mobile 6.5.3 Professional DTK (ARMV4I).ActiveCfg = Release|Windows Mobile 6.5.3 Professional DTK (ARMV4I)
		{4AB4958F-8DD0-49B5-8C02-014B5637C59A}.Release|Windows Mobile 6.5.3 Professional DTK (ARMV4I).Build.0 = Release|Windows Mobile 6.5.3 Professional DTK (ARMV4I)
		{4AB4958F-8DD0-49B5-8C02-014B5637C59A}.Release|Windows Mobile 6.5.3 Professional DTK (ARMV4I).Deploy.0 = Release|Windows Mobile 6.5.3 Professional DTK (ARMV4I)
		{ACE41B30-04BB-11DF-8A39-0800200C9A66}.Debug|Pocket PC 2003 (ARMV4).ActiveCfg = Debug|Pocket PC 2003 (ARMV4)
		{ACE41B30-04BB-11DF-8A39-0800200C9A66}.Debug|Pocket PC 2003 (ARMV4).Build.0 = Debug|Pocket PC 2003 (ARMV4)
		{ACE41B30-04BB-11DF-8A39-0800200C9A66}.Debug|Pocket PC 2003 (ARMV4).Deploy.0 = Debug|Pocket PC 2003 (ARMV4)
		{ACE41B30-04BB-11DF-8A39-0800200C9A66}.Debug|Smartphone 2003 (ARMV4).ActiveCfg = Debug|Smartphone 2003 (ARMV4)
		{ACE41B30-04BB-11DF-8A39-0800200C9A66}.Debug|Smartphone 2003 (ARMV4).Build.0 = Debug|Smartphone 2003 (ARMV4)
		{ACE41B30-04BB-11DF-8A39-0800200C9A66}.Debug|Smartphone 2003 (ARMV4).Deploy.0 = Debug|Smartphone 2003 (ARMV4)
		{ACE41B30-04BB-11DF-8A39-0800200C9A66}.Debug|Windows Mobile 6.5.3 Professional DTK (ARMV4I).ActiveCfg = Debug|Windows Mobile 6.5.3 Professional DTK (ARMV4I)
		{ACE41B30-04BB-11DF-8A39-0800200C9A66}.Debug|Windows Mobile 6.5.3 Professional DTK (ARMV4I).Build.0 = Debug|Windows Mobile 6.5.3 Professional DTK (ARMV4I)
		{ACE41B30-04BB-11DF-8A39-0800200C9A66}.Debug|Windows Mobile 6.5.3 Professional DTK (ARMV4I).Deploy.0 = Debug|Windows Mobile 6.5.3 Professional DTK (ARMV4I)
		{ACE41B30-04BB-11DF-8A39-0800200C9A66}.Release|Pocket PC 2003 (ARMV4).ActiveCfg = Release|Pocket PC 2003 (ARMV4)
		{ACE41B30-04BB-11DF-8A39-0800200C9A66}.Release|Pocket PC 2003 (ARMV4).Build.0 = Release|Pocket PC 2003 (ARMV4)
		{ACE41B30-04BB-11DF-8A39-0800200C9A66}.Release|Pocket PC 2003 (ARMV4).Deploy.0 = Release|Pocket PC 2003 (ARMV4)
		{ACE41B30-04BB-11DF-8A39-0800200C9A66}.Release|Smartphone 2003 (ARMV4).ActiveCfg = Release|Smartphone 2003 (ARMV4)
		{ACE41B30-04BB-11DF-8A39-0800200C9A66}.Release|Smartphone 2003 (ARMV4).Build.0 = Release|Smartphone 2003 (ARMV4)
		{ACE41B30-04BB-11DF-8A39-0800200C9A66}.Release|Smartphone 2003 (ARMV4).Deploy.0 = Release|Smartphone 2003 (ARMV4)
		{ACE41B30-04BB-11DF-8A39-0800200C9A66}.Release|Windows Mobile 6.5.3 Professional DTK (ARMV4I).ActiveCfg = Release|Windows Mobile 6.5.3 Professional DTK (ARMV4I)
		{ACE41B30-04BB-11DF-8A39-0800200C9A66}.Release|Windows Mobile 6.5.3 Professional DTK (ARMV4I).Build.0 = Release|Windows Mobile 6.5.3 Professional DTK (ARMV4I)
		{ACE41B30-04BB-11DF-8A39-0800200C9A66}.Release|Windows Mobile 6.5.3 Professional DTK (ARMV4I).Deploy.0 = Release|Windows Mobile 6.5.3 Professional DTK (ARMV4I)
		{75DF98AA-25DF-4183-A022-024CF918480D}.Debug|Pocket PC 2003 (ARMV4).ActiveCfg = Debug|Pocket PC 2003 (ARMV4)
		{75DF98AA-25DF-4183-A022-024CF918480D}.Debug|Pocket PC 2003 (ARMV4).Build.0 = Debug|Pocket PC 2003 (ARMV4)
		{75DF98AA-25DF-4183-A022-024CF918480D}.Debug|Pocket PC 2003 (ARMV4).Deploy.0 = Debug|Pocket PC 2003 (ARMV4)
		{75DF98AA-25DF-4183-A022-024CF918480D}.Debug|Smartphone 2003 (ARMV4).ActiveCfg = Debug|Smartphone 2003 (ARMV4)
		{75DF98AA-25DF-4183-A022-024CF918480D}.Debug|Smartphone 2003 (ARMV4).Build.0 = Debug|Smartphone 2003 (ARMV4)
		{75DF98AA-25DF-4183-A022-024CF918480D}.Debug|Smartphone 2003 (ARMV4).Deploy.0 = Debug|Smartphone 2003 (ARMV4)
		{75DF98AA-25DF-4183-A022-024CF918480D}.Debug|Windows Mobile 6.5.3 Professional DTK (ARMV4I).ActiveCfg = Debug|Windows Mobile 6.5.3 Professional DTK (ARMV4I)
		{75DF98AA-25DF-4183-A022-024CF918480D}.Debug|Windows Mobile 6.5.3 Professional DTK (ARMV4I).Build.0 = Debug|Windows Mobile 6.5.3 Professional DTK (ARMV4I)
		{75DF98AA-25DF-4183-A022-024CF918480D}.Debug|Windows Mobile 6.5.3 Professional DTK (ARMV4I).Deploy.0 = Debug|Windows Mobile 6.5.3 Professional DTK (ARMV4I)
		{75DF98AA-25DF-4183-A022-024CF918480D}.Release|Pocket PC 2003 (ARMV4).ActiveCfg = Release|Pocket PC 2003 (ARMV4)
		{75DF98AA-25DF-4183-A022-024CF918480D}.Release|Pocket PC 2003 (ARMV4).Build.0 = Release|Pocket PC 2003 (ARMV4)
		{75DF98AA-25DF-4183-A022-024CF918480D}.Release|Pocket PC 2003 (ARMV4).Deploy.0 = Release|Pocket PC 2003 (ARMV4)
		{75DF98AA-25DF-4183-A022-024CF918480D}.Release|Smartphone 2003 (ARMV4).ActiveCfg = Release|Smartphone 2003 (ARMV4)
		{75DF98AA-25DF-4183-A022-024CF918480D}.Release|Smartphone 2003 (ARMV4).Build.0 = Release|Smartphone 2003 (ARMV4)
		{75DF98AA-25DF-4183-A022-024CF918480D}.Release|Smartphone 2003 (ARMV4).Deploy.0 = Release|Smartphone 2003 (ARMV4)
		{75DF98AA-25DF-4183-A022-024CF918480D}.Release|Windows Mobile 6.5.3 Professional DTK (ARMV4I).ActiveCfg = Release|Windows Mobile 6.5.3 Professional DTK (ARMV4I)
		{75DF98AA-25DF-4183-A022-024CF918480D}.Release|Windows Mobile 6.5.3 Professional DTK (ARMV4I).Build.0 = Release|Windows Mobile 6.5.3 Professional DTK (ARMV4I)
		{75DF98AA-25DF-4183-A022-024CF918480D}.Release|Windows Mobile 6.5.3 Professional DTK (ARMV4I).Deploy.0 = Release|Windows Mobile 6.5.3 Professional DTK (ARMV4I)
		{F2CE670A-ABAE-414A-9A17-8079AB58613F}.Debug|Pocket PC 2003 (ARMV4).ActiveCfg = Debug|Pocket PC 2003 (ARMV4)
		{F2CE670A-ABAE-414A-9A17-8079AB58613F}.Debug|Pocket PC 2003 (ARMV4).Build.0 = Debug|Pocket PC 2003 (ARMV4)
		{F2CE670A-ABAE-414A-9A17-8079AB58613F}.Debug|Pocket PC 2003 (ARMV4).Deploy.0 = Debug|Pocket PC 2003 (ARMV4)
		{F2CE670A-ABAE-414A-9A17-8079AB58613F}.Debug|Smartphone 2003 (ARMV4).ActiveCfg = Debug|Smartphone 2003 (ARMV4)
		{F2CE670A-ABAE-414A-9A17-8079AB58613F}.Debug|Smartphone 2003 (ARMV4).Build.0 = Debug|Smartphone 2003 (ARMV4)
		{F2CE670A-ABAE-414A-9A17-8079AB58613F}.Debug|Smartphone 2003 (ARMV4).Deploy.0 = Debug|Smartphone 2003 (ARMV4)
		{F2CE670A-ABAE-414A-9A17-8079AB58613F}.Debug|Windows Mobile 6.5.3 Professional DTK (ARMV4I).ActiveCfg = Debug|Windows Mobile 6.5.3 Professional DTK (ARMV4I)
		{F2CE670A-ABAE-414A-9A17-8079AB58613F}.Debug|Windows Mobile 6.5.3 Professional DTK (ARMV4I).Build.0 = Debug|Windows Mobile 6.5.3 Professional DTK (ARMV4I)
		{F2CE670A-ABAE-414A-9A17-8079AB58613F}.Debug|Windows Mobile 6.5.3 Professional DTK (ARMV4I).Deploy.0 = Debug|Windows Mobile 6.5.3 Professional DTK (ARMV4I)
		{F2CE670A-ABAE-414A-9A17-8079AB58613F}.Release|Pocket PC 2003 (ARMV4).ActiveCfg = Release|Pocket PC 2003 (ARMV4)
		{F2CE670A-ABAE-414A-9A17-8079AB58613F}.Release|Pocket PC 2003 (ARMV4).Build.0 = Release|Pocket PC 2003 (ARMV4)
		{F2CE670A-ABAE-414A-9A17-8079AB58613F}.Release|Pocket PC 2003 (ARMV4).Deploy.0 = Release|Pocket PC 2003 (ARMV4)
		{F2CE670A-ABAE-414A-9A17-8079AB58613F}.Release|Smartphone 2003 (ARMV4).ActiveCfg = Release|Smartphone 2003 (ARMV4)
		{F2CE670A-ABAE-414A-9A17-8079AB58613F}.Release|Smartphone 2003 (ARMV4).Build.0 = Release|Smartphone 2003 (ARMV4)
		{F2CE670A-ABAE-414A-9A17-8079AB58613F}.Release|Smartphone 2003 (ARMV4).Deploy.0 = Release|Smartphone 2003 (ARMV4)
		{F2CE670A-ABAE-414A-9A17-8079AB58613F}.Release|Windows Mobile 6.5.3 Professional DTK (ARMV4I).ActiveCfg = Release|Windows Mobile 6.5.3 Professional DTK (ARMV4I)
		{F2CE670A-ABAE-414A-9A17-8079AB58613F}.Release|Windows Mobile 6.5.3 Professional DTK (ARMV4I).Build.0 = Release|Windows Mobile 6.5.3 Professional DTK (ARMV4I)
		{F2CE670A-ABAE-414A-9A17-8079AB58613F}.Release|Windows Mobile 6.5.3 Professional DTK (ARMV4I).Deploy.0 = Release|Windows Mobile 6.5.3 Professional DTK (ARMV4I)
		{BBFD891E-5E69-11DF-B248-1B8CDFD72085}.Debug|Pocket PC 2003 (ARMV4).ActiveCfg = Debug|Pocket PC 2003 (ARMV4)
		{BBFD891E-5E69-11DF-B248-1B8CDFD72085}.Debug|Pocket PC 2003 (ARMV4).Build.0 = Debug|Pocket PC 2003 (ARMV4)
		{BBFD891E-5E69-11DF-B248-1B8CDFD72085}.Debug|Pocket PC 2003 (ARMV4).Deploy.0 = Debug|Pocket PC 2003 (ARMV4)
		{BBFD891E-5E69-11DF-B248-1B8CDFD72085}.Debug|Smartphone 2003 (ARMV4).ActiveCfg = Debug|Smartphone 2003 (ARMV4)
		{BBFD891E-5E69-11DF-B248-1B8CDFD72085}.Debug|Smartphone 2003 (ARMV4).Build.0 = Debug|Smartphone 2003 (ARMV4)
		{BBFD891E-5E69-11DF-B248-1B8CDFD72085}.Debug|Smartphone 2003 (ARMV4).Deploy.0 = Debug|Smartphone 2003 (ARMV4)
		{BBFD891E-5E69-11DF-B248-1B8CDFD72085}.Debug|Windows Mobile 6.5.3 Professional DTK (ARMV4I).ActiveCfg = Debug|Windows Mobile 6.5.3 Professional DTK (ARMV4I)
		{BBFD891E-5E69-11DF-B248-1B8CDFD72085}.Debug|Windows Mobile 6.5.3 Professional DTK (ARMV4I).Build.0 = Debug|Windows Mobile 6.5.3 Professional DTK (ARMV4I)
		{BBFD891E-5E69-11DF-B248-1B8CDFD72085}.Debug|Windows Mobile 6.5.3 Professional DTK (ARMV4I).Deploy.0 = Debug|Windows Mobile 6.5.3 Professional DTK (ARMV4I)
		{BBFD891E-5E69-11DF-B248-1B8CDFD72085}.Release|Pocket PC 2003 (ARMV4).ActiveCfg = Release|Pocket PC 2003 (ARMV4)
		{BBFD891E-5E69-11DF-B248-1B8CDFD72085}.Release|Pocket PC 2003 (ARMV4).Build.0 = Release|Pocket PC 2003 (ARMV4)
		{BBFD891E-5E69-11DF-B248-1B8CDFD72085}.Release|Pocket PC 2003 (ARMV4).Deploy.0 = Release|Pocket PC 2003 (ARMV4)
		{BBFD891E-5E69-11DF-B248-1B8CDFD72085}.Release|Smartphone 2003 (ARMV4).ActiveCfg = Release|Smartphone 2003 (ARMV4)
		{BBFD891E-5E69-11DF-B248-1B8CDFD72085}.Release|Smartphone 2003 (ARMV4).Build.0 = Release|Smartphone 2003 (ARMV4)
		{BBFD891E-5E69-11DF-B248-1B8CDFD72085}.Release|Smartphone 2003 (ARMV4).Deploy.0 = Release|Smartphone 2003 (ARMV4)
		{BBFD891E-5E69-11DF-B248-1B8CDFD72085}.Release|Windows Mobile 6.5.3 Professional DTK (ARMV4I).ActiveCfg = Release|Windows Mobile 6.5.3 Professional DTK (ARMV4I)
		{BBFD891E-5E69-11DF-B248-1B8CDFD72085}.Release|Windows Mobile 6.5.3 Professional DTK (ARMV4I).Build.0 = Release|Windows Mobile 6.5.3 Professional DTK (ARMV4I)
		{BBFD891E-5E69-11DF-B248-1B8CDFD72085}.Release|Windows Mobile 6.5.3 Professional DTK (ARMV4I).Deploy.0 = Release|Windows Mobile 6.5.3 Professional DTK (ARMV4I)
	EndGlobalSection
	GlobalSection(SolutionProperties) = preSolution
		HideSolutionNode = FALSE
	EndGlobalSection
EndGlobal
